
Microsoft Visual Studio Solution File, Format Version 12.00
# Visual Studio Version 17
VisualStudioVersion = 17.1.32328.378
MinimumVisualStudioVersion = 10.0.40219.1
Project("{FAE04EC0-301F-11D3-BF4B-00C04F79EFBC}") = "CP.WebApi", "Cp.WebApi\CP.WebApi.csproj", "{3DA32FD2-115C-4882-9DE4-079FA78DE308}"
EndProject
Project("{2150E333-8FDC-42A3-9474-1A3956D46DE8}") = "01.CP_WebApi", "01.CP_WebApi", "{05C1D635-21FB-470C-977A-ECBAC726E32A}"
EndProject
Project("{2150E333-8FDC-42A3-9474-1A3956D46DE8}") = "02.CP_Manager", "02.CP_Manager", "{311C8B51-A8A3-4FBC-A26A-497F93178BC2}"
EndProject
Project("{2150E333-8FDC-42A3-9474-1A3956D46DE8}") = "03.CP_Data", "03.CP_Data", "{4A858891-F1DE-4C82-BA42-53D8DC54AD38}"
EndProject
Project("{2150E333-8FDC-42A3-9474-1A3956D46DE8}") = "04.CP_Core", "04.CP_Core", "{1D321316-CF7B-44F7-898F-17398C5E7865}"
EndProject
Project("{2150E333-8FDC-42A3-9474-1A3956D46DE8}") = "05.CP_Tests", "05.CP_Tests", "{E9A213D7-CA23-4FC1-99C5-006B9CDC7D94}"
EndProject
Project("{FAE04EC0-301F-11D3-BF4B-00C04F79EFBC}") = "CP_Manager", "CP_Manager\CP_Manager.csproj", "{679573BE-1DBC-4618-91B4-2F62D82C15D7}"
EndProject
Project("{FAE04EC0-301F-11D3-BF4B-00C04F79EFBC}") = "CP_Data", "CP_Data\CP_Data.csproj", "{9875F915-EB07-4062-85CF-78C3CDE07E8F}"
EndProject
Project("{FAE04EC0-301F-11D3-BF4B-00C04F79EFBC}") = "CP_Core", "CP_Core\CP_Core.csproj", "{E490D5DF-1CAD-4FF0-9831-EF51CED41DE1}"
EndProject
Project("{FAE04EC0-301F-11D3-BF4B-00C04F79EFBC}") = "CP_Tests", "CP_Tests\CP_Tests.csproj", "{6FDB539F-7011-43C4-B64F-519BC525532F}"
EndProject
Global
	GlobalSection(SolutionConfigurationPlatforms) = preSolution
		Debug|Any CPU = Debug|Any CPU
		Release|Any CPU = Release|Any CPU
	EndGlobalSection
	GlobalSection(ProjectConfigurationPlatforms) = postSolution
		{3DA32FD2-115C-4882-9DE4-079FA78DE308}.Debug|Any CPU.ActiveCfg = Debug|Any CPU
		{3DA32FD2-115C-4882-9DE4-079FA78DE308}.Debug|Any CPU.Build.0 = Debug|Any CPU
		{3DA32FD2-115C-4882-9DE4-079FA78DE308}.Release|Any CPU.ActiveCfg = Release|Any CPU
		{3DA32FD2-115C-4882-9DE4-079FA78DE308}.Release|Any CPU.Build.0 = Release|Any CPU
		{679573BE-1DBC-4618-91B4-2F62D82C15D7}.Debug|Any CPU.ActiveCfg = Debug|Any CPU
		{679573BE-1DBC-4618-91B4-2F62D82C15D7}.Debug|Any CPU.Build.0 = Debug|Any CPU
		{679573BE-1DBC-4618-91B4-2F62D82C15D7}.Release|Any CPU.ActiveCfg = Release|Any CPU
		{679573BE-1DBC-4618-91B4-2F62D82C15D7}.Release|Any CPU.Build.0 = Release|Any CPU
		{9875F915-EB07-4062-85CF-78C3CDE07E8F}.Debug|Any CPU.ActiveCfg = Debug|Any CPU
		{9875F915-EB07-4062-85CF-78C3CDE07E8F}.Debug|Any CPU.Build.0 = Debug|Any CPU
		{9875F915-EB07-4062-85CF-78C3CDE07E8F}.Release|Any CPU.ActiveCfg = Release|Any CPU
		{9875F915-EB07-4062-85CF-78C3CDE07E8F}.Release|Any CPU.Build.0 = Release|Any CPU
		{E490D5DF-1CAD-4FF0-9831-EF51CED41DE1}.Debug|Any CPU.ActiveCfg = Debug|Any CPU
		{E490D5DF-1CAD-4FF0-9831-EF51CED41DE1}.Debug|Any CPU.Build.0 = Debug|Any CPU
		{E490D5DF-1CAD-4FF0-9831-EF51CED41DE1}.Release|Any CPU.ActiveCfg = Release|Any CPU
		{E490D5DF-1CAD-4FF0-9831-EF51CED41DE1}.Release|Any CPU.Build.0 = Release|Any CPU
		{6FDB539F-7011-43C4-B64F-519BC525532F}.Debug|Any CPU.ActiveCfg = Debug|Any CPU
		{6FDB539F-7011-43C4-B64F-519BC525532F}.Debug|Any CPU.Build.0 = Debug|Any CPU
		{6FDB539F-7011-43C4-B64F-519BC525532F}.Release|Any CPU.ActiveCfg = Release|Any CPU
		{6FDB539F-7011-43C4-B64F-519BC525532F}.Release|Any CPU.Build.0 = Release|Any CPU
	EndGlobalSection
	GlobalSection(SolutionProperties) = preSolution
		HideSolutionNode = FALSE
	EndGlobalSection
	GlobalSection(NestedProjects) = preSolution
		{3DA32FD2-115C-4882-9DE4-079FA78DE308} = {05C1D635-21FB-470C-977A-ECBAC726E32A}
		{679573BE-1DBC-4618-91B4-2F62D82C15D7} = {311C8B51-A8A3-4FBC-A26A-497F93178BC2}
		{9875F915-EB07-4062-85CF-78C3CDE07E8F} = {4A858891-F1DE-4C82-BA42-53D8DC54AD38}
		{E490D5DF-1CAD-4FF0-9831-EF51CED41DE1} = {1D321316-CF7B-44F7-898F-17398C5E7865}
		{6FDB539F-7011-43C4-B64F-519BC525532F} = {E9A213D7-CA23-4FC1-99C5-006B9CDC7D94}
	EndGlobalSection
	GlobalSection(ExtensibilityGlobals) = postSolution
		SolutionGuid = {49A35C6E-881A-4E33-AB31-E37917A1523C}
	EndGlobalSection
EndGlobal
